
Microsoft Visual Studio Solution File, Format Version 12.00
# Visual Studio 2013
VisualStudioVersion = 12.0.21005.1
MinimumVisualStudioVersion = 10.0.40219.1
Project("{FAE04EC0-301F-11D3-BF4B-00C04F79EFBC}") = "laungh", "laungh.csproj", "{B55C9E41-324A-4D73-B5F2-AA6F5DBED512}"
EndProject
Global
	GlobalSection(SolutionConfigurationPlatforms) = preSolution
		Debug|Any CPU = Debug|Any CPU
		Release|Any CPU = Release|Any CPU
	EndGlobalSection
	GlobalSection(ProjectConfigurationPlatforms) = postSolution
		{B55C9E41-324A-4D73-B5F2-AA6F5DBED512}.Debug|Any CPU.ActiveCfg = Debug|Any CPU
		{B55C9E41-324A-4D73-B5F2-AA6F5DBED512}.Debug|Any CPU.Build.0 = Debug|Any CPU
		{B55C9E41-324A-4D73-B5F2-AA6F5DBED512}.Release|Any CPU.ActiveCfg = Release|Any CPU
		{B55C9E41-324A-4D73-B5F2-AA6F5DBED512}.Release|Any CPU.Build.0 = Release|Any CPU
	EndGlobalSection
	GlobalSection(SolutionProperties) = preSolution
		HideSolutionNode = FALSE
	EndGlobalSection
EndGlobal
